
Microsoft Visual Studio Solution File, Format Version 12.00
# Visual Studio Version 17
VisualStudioVersion = 17.12.35527.113 d17.12
MinimumVisualStudioVersion = 10.0.40219.1
Project("{FAE04EC0-301F-11D3-BF4B-00C04F79EFBC}") = "MISA.CRM.API", "MISA.CRM.API\MISA.CRM.API.csproj", "{8CD1D4C3-6A03-4420-87C8-0801D467A6BC}"
EndProject
Project("{FAE04EC0-301F-11D3-BF4B-00C04F79EFBC}") = "MISA.CRM.CORE", "MISA.CRM.CORE\MISA.CRM.CORE.csproj", "{B6B33463-C727-4A60-B9ED-57E14EF2D2C6}"
EndProject
Project("{FAE04EC0-301F-11D3-BF4B-00C04F79EFBC}") = "MISA.CRM.Infrastructure", "MISA.CRM.Infrastructure\MISA.CRM.Infrastructure.csproj", "{C272BC85-C199-40B4-BEEB-B4A8CFFCF696}"
EndProject
Global
	GlobalSection(SolutionConfigurationPlatforms) = preSolution
		Debug|Any CPU = Debug|Any CPU
		Release|Any CPU = Release|Any CPU
	EndGlobalSection
	GlobalSection(ProjectConfigurationPlatforms) = postSolution
		{8CD1D4C3-6A03-4420-87C8-0801D467A6BC}.Debug|Any CPU.ActiveCfg = Debug|Any CPU
		{8CD1D4C3-6A03-4420-87C8-0801D467A6BC}.Debug|Any CPU.Build.0 = Debug|Any CPU
		{8CD1D4C3-6A03-4420-87C8-0801D467A6BC}.Release|Any CPU.ActiveCfg = Release|Any CPU
		{8CD1D4C3-6A03-4420-87C8-0801D467A6BC}.Release|Any CPU.Build.0 = Release|Any CPU
		{B6B33463-C727-4A60-B9ED-57E14EF2D2C6}.Debug|Any CPU.ActiveCfg = Debug|Any CPU
		{B6B33463-C727-4A60-B9ED-57E14EF2D2C6}.Debug|Any CPU.Build.0 = Debug|Any CPU
		{B6B33463-C727-4A60-B9ED-57E14EF2D2C6}.Release|Any CPU.ActiveCfg = Release|Any CPU
		{B6B33463-C727-4A60-B9ED-57E14EF2D2C6}.Release|Any CPU.Build.0 = Release|Any CPU
		{C272BC85-C199-40B4-BEEB-B4A8CFFCF696}.Debug|Any CPU.ActiveCfg = Debug|Any CPU
		{C272BC85-C199-40B4-BEEB-B4A8CFFCF696}.Debug|Any CPU.Build.0 = Debug|Any CPU
		{C272BC85-C199-40B4-BEEB-B4A8CFFCF696}.Release|Any CPU.ActiveCfg = Release|Any CPU
		{C272BC85-C199-40B4-BEEB-B4A8CFFCF696}.Release|Any CPU.Build.0 = Release|Any CPU
	EndGlobalSection
	GlobalSection(SolutionProperties) = preSolution
		HideSolutionNode = FALSE
	EndGlobalSection
EndGlobal
